// !$*UTF8*$!
{
	archiveVersion = 1;
	classes = {
	};
	objectVersion = 50;
	objects = {

/* Begin PBXBuildFile section */
		14284357210C08B7006AEA10 /* Piece.swift in Sources */ = {isa = PBXBuildFile; fileRef = 14284356210C08B7006AEA10 /* Piece.swift */; };
		14CA366C210B970900C6F67A /* AppDelegate.swift in Sources */ = {isa = PBXBuildFile; fileRef = 14CA366B210B970900C6F67A /* AppDelegate.swift */; };
		14CA366E210B970900C6F67A /* ViewController.swift in Sources */ = {isa = PBXBuildFile; fileRef = 14CA366D210B970900C6F67A /* ViewController.swift */; };
		14CA3671210B970900C6F67A /* Main.storyboard in Resources */ = {isa = PBXBuildFile; fileRef = 14CA366F210B970900C6F67A /* Main.storyboard */; };
		14CA3673210B970B00C6F67A /* Assets.xcassets in Resources */ = {isa = PBXBuildFile; fileRef = 14CA3672210B970B00C6F67A /* Assets.xcassets */; };
		14CA3676210B970B00C6F67A /* LaunchScreen.storyboard in Resources */ = {isa = PBXBuildFile; fileRef = 14CA3674210B970B00C6F67A /* LaunchScreen.storyboard */; };
		14CA3682210BA3FB00C6F67A /* Square.swift in Sources */ = {isa = PBXBuildFile; fileRef = 14CA3681210BA3FB00C6F67A /* Square.swift */; };
/* End PBXBuildFile section */

/* Begin PBXFileReference section */
		14284356210C08B7006AEA10 /* Piece.swift */ = {isa = PBXFileReference; lastKnownFileType = sourcecode.swift; path = Piece.swift; sourceTree = "<group>"; };
		14CA3668210B970900C6F67A /* Try Chess.app */ = {isa = PBXFileReference; explicitFileType = wrapper.application; includeInIndex = 0; path = "Try Chess.app"; sourceTree = BUILT_PRODUCTS_DIR; };
		14CA366B210B970900C6F67A /* AppDelegate.swift */ = {isa = PBXFileReference; lastKnownFileType = sourcecode.swift; path = AppDelegate.swift; sourceTree = "<group>"; };
		14CA366D210B970900C6F67A /* ViewController.swift */ = {isa = PBXFileReference; lastKnownFileType = sourcecode.swift; path = ViewController.swift; sourceTree = "<group>"; };
		14CA3670210B970900C6F67A /* Base */ = {isa = PBXFileReference; lastKnownFileType = file.storyboard; name = Base; path = Base.lproj/Main.storyboard; sourceTree = "<group>"; };
		14CA3672210B970B00C6F67A /* Assets.xcassets */ = {isa = PBXFileReference; lastKnownFileType = folder.assetcatalog; path = Assets.xcassets; sourceTree = "<group>"; };
		14CA3675210B970B00C6F67A /* Base */ = {isa = PBXFileReference; lastKnownFileType = file.storyboard; name = Base; path = Base.lproj/LaunchScreen.storyboard; sourceTree = "<group>"; };
		14CA3677210B970B00C6F67A /* Info.plist */ = {isa = PBXFileReference; lastKnownFileType = text.plist.xml; path = Info.plist; sourceTree = "<group>"; };
		14CA3681210BA3FB00C6F67A /* Square.swift */ = {isa = PBXFileReference; lastKnownFileType = sourcecode.swift; path = Square.swift; sourceTree = "<group>"; };
/* End PBXFileReference section */

/* Begin PBXFrameworksBuildPhase section */
		14CA3665210B970900C6F67A /* Frameworks */ = {
			isa = PBXFrameworksBuildPhase;
			buildActionMask = 2147483647;
			files = (
			);
			runOnlyForDeploymentPostprocessing = 0;
		};
/* End PBXFrameworksBuildPhase section */

/* Begin PBXGroup section */
		14CA365F210B970900C6F67A = {
			isa = PBXGroup;
			children = (
				14CA366A210B970900C6F67A /* Try Chess */,
				14CA3669210B970900C6F67A /* Products */,
			);
			sourceTree = "<group>";
		};
		14CA3669210B970900C6F67A /* Products */ = {
			isa = PBXGroup;
			children = (
				14CA3668210B970900C6F67A /* Try Chess.app */,
			);
			name = Products;
			sourceTree = "<group>";
		};
		14CA366A210B970900C6F67A /* Try Chess */ = {
			isa = PBXGroup;
			children = (
				14CA366B210B970900C6F67A /* AppDelegate.swift */,
				14CA366D210B970900C6F67A /* ViewController.swift */,
				14284356210C08B7006AEA10 /* Piece.swift */,
				14CA3681210BA3FB00C6F67A /* Square.swift */,
				14CA366F210B970900C6F67A /* Main.storyboard */,
				14CA3672210B970B00C6F67A /* Assets.xcassets */,
				14CA3674210B970B00C6F67A /* LaunchScreen.storyboard */,
				14CA3677210B970B00C6F67A /* Info.plist */,
			);
			path = "Try Chess";
			sourceTree = "<group>";
		};
/* End PBXGroup section */

/* Begin PBXNativeTarget section */
		14CA3667210B970900C6F67A /* Try Chess */ = {
			isa = PBXNativeTarget;
			buildConfigurationList = 14CA367A210B970B00C6F67A /* Build configuration list for PBXNativeTarget "Try Chess" */;
			buildPhases = (
				14CA3664210B970900C6F67A /* Sources */,
				14CA3665210B970900C6F67A /* Frameworks */,
				14CA3666210B970900C6F67A /* Resources */,
			);
			buildRules = (
			);
			dependencies = (
			);
			name = "Try Chess";
			productName = "Try Chess";
			productReference = 14CA3668210B970900C6F67A /* Try Chess.app */;
			productType = "com.apple.product-type.application";
		};
/* End PBXNativeTarget section */

/* Begin PBXProject section */
		14CA3660210B970900C6F67A /* Project object */ = {
			isa = PBXProject;
			attributes = {
				LastSwiftUpdateCheck = 0940;
				LastUpgradeCheck = 0940;
				ORGANIZATIONNAME = "Emeka Ezike";
				TargetAttributes = {
					14CA3667210B970900C6F67A = {
						CreatedOnToolsVersion = 9.4.1;
					};
				};
			};
			buildConfigurationList = 14CA3663210B970900C6F67A /* Build configuration list for PBXProject "Try Chess" */;
			compatibilityVersion = "Xcode 9.3";
			developmentRegion = en;
			hasScannedForEncodings = 0;
			knownRegions = (
				en,
				Base,
			);
			mainGroup = 14CA365F210B970900C6F67A;
			productRefGroup = 14CA3669210B970900C6F67A /* Products */;
			projectDirPath = "";
			projectRoot = "";
			targets = (
				14CA3667210B970900C6F67A /* Try Chess */,
			);
		};
/* End PBXProject section */

/* Begin PBXResourcesBuildPhase section */
		14CA3666210B970900C6F67A /* Resources */ = {
			isa = PBXResourcesBuildPhase;
			buildActionMask = 2147483647;
			files = (
				14CA3676210B970B00C6F67A /* LaunchScreen.storyboard in Resources */,
				14CA3673210B970B00C6F67A /* Assets.xcassets in Resources */,
				14CA3671210B970900C6F67A /* Main.storyboard in Resources */,
			);
			runOnlyForDeploymentPostprocessing = 0;
		};
/* End PBXResourcesBuildPhase section */

/* Begin PBXSourcesBuildPhase section */
		14CA3664210B970900C6F67A /* Sources */ = {
			isa = PBXSourcesBuildPhase;
			buildActionMask = 2147483647;
			files = (
				14284357210C08B7006AEA10 /* Piece.swift in Sources */,
				14CA3682210BA3FB00C6F67A /* Square.swift in Sources */,
				14CA366E210B970900C6F67A /* ViewController.swift in Sources */,
				14CA366C210B970900C6F67A /* AppDelegate.swift in Sources */,
			);
			runOnlyForDeploymentPostprocessing = 0;
		};
/* End PBXSourcesBuildPhase section */

/* Begin PBXVariantGroup section */
		14CA366F210B970900C6F67A /* Main.storyboard */ = {
			isa = PBXVariantGroup;
			children = (
				14CA3670210B970900C6F67A /* Base */,
			);
			name = Main.storyboard;
			sourceTree = "<group>";
		};
		14CA3674210B970B00C6F67A /* LaunchScreen.storyboard */ = {
			isa = PBXVariantGroup;
			children = (
				14CA3675210B970B00C6F67A /* Base */,
			);
			name = LaunchScreen.storyboard;
			sourceTree = "<group>";
		};
/* End PBXVariantGroup section */

/* Begin XCBuildConfiguration section */
		14CA3678210B970B00C6F67A /* Debug */ = {
			isa = XCBuildConfiguration;
			buildSettings = {
				ALWAYS_SEARCH_USER_PATHS = NO;
				CLANG_ANALYZER_NONNULL = YES;
				CLANG_ANALYZER_NUMBER_OBJECT_CONVERSION = YES_AGGRESSIVE;
				CLANG_CXX_LANGUAGE_STANDARD = "gnu++14";
				CLANG_CXX_LIBRARY = "libc++";
				CLANG_ENABLE_MODULES = YES;
				CLANG_ENABLE_OBJC_ARC = YES;
				CLANG_ENABLE_OBJC_WEAK = YES;
				CLANG_WARN_BLOCK_CAPTURE_AUTORELEASING = YES;
				CLANG_WARN_BOOL_CONVERSION = YES;
				CLANG_WARN_COMMA = YES;
				CLANG_WARN_CONSTANT_CONVERSION = YES;
				CLANG_WARN_DEPRECATED_OBJC_IMPLEMENTATIONS = YES;
				CLANG_WARN_DIRECT_OBJC_ISA_USAGE = YES_ERROR;
				CLANG_WARN_DOCUMENTATION_COMMENTS = YES;
				CLANG_WARN_EMPTY_BODY = YES;
				CLANG_WARN_ENUM_CONVERSION = YES;
				CLANG_WARN_INFINITE_RECURSION = YES;
				CLANG_WARN_INT_CONVERSION = YES;
				CLANG_WARN_NON_LITERAL_NULL_CONVERSION = YES;
				CLANG_WARN_OBJC_IMPLICIT_RETAIN_SELF = YES;
				CLANG_WARN_OBJC_LITERAL_CONVERSION = YES;
				CLANG_WARN_OBJC_ROOT_CLASS = YES_ERROR;
				CLANG_WARN_RANGE_LOOP_ANALYSIS = YES;
				CLANG_WARN_STRICT_PROTOTYPES = YES;
				CLANG_WARN_SUSPICIOUS_MOVE = YES;
				CLANG_WARN_UNGUARDED_AVAILABILITY = YES_AGGRESSIVE;
				CLANG_WARN_UNREACHABLE_CODE = YES;
				CLANG_WARN__DUPLICATE_METHOD_MATCH = YES;
				CODE_SIGN_IDENTITY = "iPhone Developer";
				COPY_PHASE_STRIP = NO;
				DEBUG_INFORMATION_FORMAT = dwarf;
				ENABLE_STRICT_OBJC_MSGSEND = YES;
				ENABLE_TESTABILITY = YES;
				GCC_C_LANGUAGE_STANDARD = gnu11;
				GCC_DYNAMIC_NO_PIC = NO;
				GCC_NO_COMMON_BLOCKS = YES;
				GCC_OPTIMIZATION_LEVEL = 0;
				GCC_PREPROCESSOR_DEFINITIONS = (
					"DEBUG=1",
					"$(inherited)",
				);
				GCC_WARN_64_TO_32_BIT_CONVERSION = YES;
				GCC_WARN_ABOUT_RETURN_TYPE = YES_ERROR;
				GCC_WARN_UNDECLARED_SELECTOR = YES;
				GCC_WARN_UNINITIALIZED_AUTOS = YES_AGGRESSIVE;
				GCC_WARN_UNUSED_FUNCTION = YES;
				GCC_WARN_UNUSED_VARIABLE = YES;
				IPHONEOS_DEPLOYMENT_TARGET = 11.4;
				MTL_ENABLE_DEBUG_INFO = YES;
				ONLY_ACTIVE_ARCH = YES;
				SDKROOT = iphoneos;
				SWIFT_ACTIVE_COMPILATION_CONDITIONS = DEBUG;
				SWIFT_OPTIMIZATION_LEVEL = "-Onone";
			};
			name = Debug;
		};
		14CA3679210B970B00C6F67A /* Release */ = {
			isa = XCBuildConfiguration;
			buildSettings = {
				ALWAYS_SEARCH_USER_PATHS = NO;
				CLANG_ANALYZER_NONNULL = YES;
				CLANG_ANALYZER_NUMBER_OBJECT_CONVERSION = YES_AGGRESSIVE;
				CLANG_CXX_LANGUAGE_STANDARD = "gnu++14";
				CLANG_CXX_LIBRARY = "libc++";
				CLANG_ENABLE_MODULES = YES;
				CLANG_ENABLE_OBJC_ARC = YES;
				CLANG_ENABLE_OBJC_WEAK = YES;
				CLANG_WARN_BLOCK_CAPTURE_AUTORELEASING = YES;
				CLANG_WARN_BOOL_CONVERSION = YES;
				CLANG_WARN_COMMA = YES;
				CLANG_WARN_CONSTANT_CONVERSION = YES;
				CLANG_WARN_DEPRECATED_OBJC_IMPLEMENTATIONS = YES;
				CLANG_WARN_DIRECT_OBJC_ISA_USAGE = YES_ERROR;
				CLANG_WARN_DOCUMENTATION_COMMENTS = YES;
				CLANG_WARN_EMPTY_BODY = YES;
				CLANG_WARN_ENUM_CONVERSION = YES;
				CLANG_WARN_INFINITE_RECURSION = YES;
				CLANG_WARN_INT_CONVERSION = YES;
				CLANG_WARN_NON_LITERAL_NULL_CONVERSION = YES;
				CLANG_WARN_OBJC_IMPLICIT_RETAIN_SELF = YES;
				CLANG_WARN_OBJC_LITERAL_CONVERSION = YES;
				CLANG_WARN_OBJC_ROOT_CLASS = YES_ERROR;
				CLANG_WARN_RANGE_LOOP_ANALYSIS = YES;
				CLANG_WARN_STRICT_PROTOTYPES = YES;
				CLANG_WARN_SUSPICIOUS_MOVE = YES;
				CLANG_WARN_UNGUARDED_AVAILABILITY = YES_AGGRESSIVE;
				CLANG_WARN_UNREACHABLE_CODE = YES;
				CLANG_WARN__DUPLICATE_METHOD_MATCH = YES;
				CODE_SIGN_IDENTITY = "iPhone Developer";
				COPY_PHASE_STRIP = NO;
				DEBUG_INFORMATION_FORMAT = "dwarf-with-dsym";
				ENABLE_NS_ASSERTIONS = NO;
				ENABLE_STRICT_OBJC_MSGSEND = YES;
				GCC_C_LANGUAGE_STANDARD = gnu11;
				GCC_NO_COMMON_BLOCKS = YES;
				GCC_WARN_64_TO_32_BIT_CONVERSION = YES;
				GCC_WARN_ABOUT_RETURN_TYPE = YES_ERROR;
				GCC_WARN_UNDECLARED_SELECTOR = YES;
				GCC_WARN_UNINITIALIZED_AUTOS = YES_AGGRESSIVE;
				GCC_WARN_UNUSED_FUNCTION = YES;
				GCC_WARN_UNUSED_VARIABLE = YES;
				IPHONEOS_DEPLOYMENT_TARGET = 11.4;
				MTL_ENABLE_DEBUG_INFO = NO;
				SDKROOT = iphoneos;
				SWIFT_COMPILATION_MODE = wholemodule;
				SWIFT_OPTIMIZATION_LEVEL = "-O";
				VALIDATE_PRODUCT = YES;
			};
			name = Release;
		};
		14CA367B210B970B00C6F67A /* Debug */ = {
			isa = XCBuildConfiguration;
			buildSettings = {
				ASSETCATALOG_COMPILER_APPICON_NAME = AppIcon;
				CODE_SIGN_STYLE = Automatic;
				DEVELOPMENT_TEAM = KLAKJG5X7R;
				INFOPLIST_FILE = "Try Chess/Info.plist";
				LD_RUNPATH_SEARCH_PATHS = (
					"$(inherited)",
					"@executable_path/Frameworks",
				);
				PRODUCT_BUNDLE_IDENTIFIER = "A.Try-Chess";
				PRODUCT_NAME = "$(TARGET_NAME)";
				SWIFT_VERSION = 4.0;
				TARGETED_DEVICE_FAMILY = "1,2";
			};
			name = Debug;
		};
		14CA367C210B970B00C6F67A /* Release */ = {
			isa = XCBuildConfiguration;
			buildSettings = {
				ASSETCATALOG_COMPILER_APPICON_NAME = AppIcon;
				CODE_SIGN_STYLE = Automatic;
				DEVELOPMENT_TEAM = KLAKJG5X7R;
				INFOPLIST_FILE = "Try Chess/Info.plist";
				LD_RUNPATH_SEARCH_PATHS = (
					"$(inherited)",
					"@executable_path/Frameworks",
				);
				PRODUCT_BUNDLE_IDENTIFIER = "A.Try-Chess";
				PRODUCT_NAME = "$(TARGET_NAME)";
				SWIFT_VERSION = 4.0;
				TARGETED_DEVICE_FAMILY = "1,2";
			};
			name = Release;
		};
/* End XCBuildConfiguration section */

/* Begin XCConfigurationList section */
		14CA3663210B970900C6F67A /* Build configuration list for PBXProject "Try Chess" */ = {
			isa = XCConfigurationList;
			buildConfigurations = (
				14CA3678210B970B00C6F67A /* Debug */,
				14CA3679210B970B00C6F67A /* Release */,
			);
			defaultConfigurationIsVisible = 0;
			defaultConfigurationName = Release;
		};
		14CA367A210B970B00C6F67A /* Build configuration list for PBXNativeTarget "Try Chess" */ = {
			isa = XCConfigurationList;
			buildConfigurations = (
				14CA367B210B970B00C6F67A /* Debug */,
				14CA367C210B970B00C6F67A /* Release */,
			);
			defaultConfigurationIsVisible = 0;
			defaultConfigurationName = Release;
		};
/* End XCConfigurationList section */
	};
	rootObject = 14CA3660210B970900C6F67A /* Project object */;
}
